
Microsoft Visual Studio Solution File, Format Version 12.00
# Visual Studio 15
VisualStudioVersion = 15.0.28307.168
MinimumVisualStudioVersion = 10.0.40219.1
Project("{9A19103F-16F7-4668-BE54-9A1E7A4F7556}") = "DesignPaltternance", "DesignPaltternance\DesignPaltternance.csproj", "{DA269DAB-307C-47BC-B0A9-8F23BCAE061C}"
EndProject
Project("{FAE04EC0-301F-11D3-BF4B-00C04F79EFBC}") = "DesignPaltternanceTests", "DesignPaltternanceTests\DesignPaltternanceTests.csproj", "{36E7FCAE-2002-4347-84FB-40F67733B228}"
EndProject
Global
	GlobalSection(SolutionConfigurationPlatforms) = preSolution
		Debug|Any CPU = Debug|Any CPU
		Release|Any CPU = Release|Any CPU
	EndGlobalSection
	GlobalSection(ProjectConfigurationPlatforms) = postSolution
		{DA269DAB-307C-47BC-B0A9-8F23BCAE061C}.Debug|Any CPU.ActiveCfg = Debug|Any CPU
		{DA269DAB-307C-47BC-B0A9-8F23BCAE061C}.Debug|Any CPU.Build.0 = Debug|Any CPU
		{DA269DAB-307C-47BC-B0A9-8F23BCAE061C}.Release|Any CPU.ActiveCfg = Release|Any CPU
		{DA269DAB-307C-47BC-B0A9-8F23BCAE061C}.Release|Any CPU.Build.0 = Release|Any CPU
		{36E7FCAE-2002-4347-84FB-40F67733B228}.Debug|Any CPU.ActiveCfg = Debug|Any CPU
		{36E7FCAE-2002-4347-84FB-40F67733B228}.Debug|Any CPU.Build.0 = Debug|Any CPU
		{36E7FCAE-2002-4347-84FB-40F67733B228}.Release|Any CPU.ActiveCfg = Release|Any CPU
		{36E7FCAE-2002-4347-84FB-40F67733B228}.Release|Any CPU.Build.0 = Release|Any CPU
	EndGlobalSection
	GlobalSection(SolutionProperties) = preSolution
		HideSolutionNode = FALSE
	EndGlobalSection
	GlobalSection(ExtensibilityGlobals) = postSolution
		SolutionGuid = {DBD95E2B-9172-4D73-8EC4-A65864C0443E}
	EndGlobalSection
EndGlobal
